
Microsoft Visual Studio Solution File, Format Version 12.00
# Visual Studio Version 17
VisualStudioVersion = 17.4.33205.214
MinimumVisualStudioVersion = 10.0.40219.1
Project("{9A19103F-16F7-4668-BE54-9A1E7A4F7556}") = "RealEstateProject", "RealEstateProject.csproj", "{975D2557-F7E9-468B-8E74-F014BD7AC08C}"
EndProject
Project("{FAE04EC0-301F-11D3-BF4B-00C04F79EFBC}") = "RealEstateProject.DAL", "..\RealEstateProject.DAL\RealEstateProject.DAL.csproj", "{99930820-150E-40D8-90CC-AE4A36B44537}"
EndProject
Global
	GlobalSection(SolutionConfigurationPlatforms) = preSolution
		Debug|Any CPU = Debug|Any CPU
		Release|Any CPU = Release|Any CPU
	EndGlobalSection
	GlobalSection(ProjectConfigurationPlatforms) = postSolution
		{975D2557-F7E9-468B-8E74-F014BD7AC08C}.Debug|Any CPU.ActiveCfg = Debug|Any CPU
		{975D2557-F7E9-468B-8E74-F014BD7AC08C}.Debug|Any CPU.Build.0 = Debug|Any CPU
		{975D2557-F7E9-468B-8E74-F014BD7AC08C}.Release|Any CPU.ActiveCfg = Release|Any CPU
		{975D2557-F7E9-468B-8E74-F014BD7AC08C}.Release|Any CPU.Build.0 = Release|Any CPU
		{99930820-150E-40D8-90CC-AE4A36B44537}.Debug|Any CPU.ActiveCfg = Debug|Any CPU
		{99930820-150E-40D8-90CC-AE4A36B44537}.Debug|Any CPU.Build.0 = Debug|Any CPU
		{99930820-150E-40D8-90CC-AE4A36B44537}.Release|Any CPU.ActiveCfg = Release|Any CPU
		{99930820-150E-40D8-90CC-AE4A36B44537}.Release|Any CPU.Build.0 = Release|Any CPU
	EndGlobalSection
	GlobalSection(SolutionProperties) = preSolution
		HideSolutionNode = FALSE
	EndGlobalSection
	GlobalSection(ExtensibilityGlobals) = postSolution
		SolutionGuid = {28DE55B5-3AF0-4A57-911A-5A24986D9541}
	EndGlobalSection
EndGlobal
